
Microsoft Visual Studio Solution File, Format Version 12.00
# Visual Studio Version 16
VisualStudioVersion = 16.0.28803.352
MinimumVisualStudioVersion = 10.0.40219.1
Project("{9092AA53-FB77-4645-B42D-1CCCA6BD08BD}") = "PolyWebNode", "PolyWebNode.njsproj", "{6E5BF0CE-B04E-4578-B261-5E3C7323312C}"
EndProject
Global
	GlobalSection(SolutionConfigurationPlatforms) = preSolution
		Debug|Any CPU = Debug|Any CPU
		Release|Any CPU = Release|Any CPU
	EndGlobalSection
	GlobalSection(ProjectConfigurationPlatforms) = postSolution
		{6E5BF0CE-B04E-4578-B261-5E3C7323312C}.Debug|Any CPU.ActiveCfg = Debug|Any CPU
		{6E5BF0CE-B04E-4578-B261-5E3C7323312C}.Debug|Any CPU.Build.0 = Debug|Any CPU
		{6E5BF0CE-B04E-4578-B261-5E3C7323312C}.Release|Any CPU.ActiveCfg = Release|Any CPU
		{6E5BF0CE-B04E-4578-B261-5E3C7323312C}.Release|Any CPU.Build.0 = Release|Any CPU
	EndGlobalSection
	GlobalSection(SolutionProperties) = preSolution
		HideSolutionNode = FALSE
	EndGlobalSection
	GlobalSection(ExtensibilityGlobals) = postSolution
		SolutionGuid = {3C24667C-1207-451D-B794-5A7F34E203D5}
	EndGlobalSection
EndGlobal
